schema: '2.0'
stages:
  c1:
    cmd: python3 runs/ai-employment/transforms/c1.py
    deps:
    - path: data/labor/unrate.csv
      hash: md5
      md5: 94cd6db7529b2a8605cacce0198765dd
      size: 14166
    - path: runs/ai-employment/transforms/c1.py
      hash: md5
      md5: aa7bf8b8c54d3e0ce9fb34a9dab3c0a1
      size: 1127
    outs:
    - path: runs/ai-employment/metrics/c1.json
      hash: md5
      md5: 04d75204bf10f041b9f50958200028c3
      size: 15
