schema: '2.0'
stages:
  c1:
    cmd: python3 runs/nuclear-safety/transforms/c1.py
    deps:
    - path: data/energy/death_rates_per_twh.csv
      hash: md5
      md5: 0d7cc1edec8b3ec3b1b05b6abbf7974a
      size: 214
    - path: runs/nuclear-safety/transforms/c1.py
      hash: md5
      md5: 9e1f224abd0c8eab006306a0ffafc2a0
      size: 549
    outs:
    - path: runs/nuclear-safety/metrics/c1.json
      hash: md5
      md5: 66acfea6c8932026298fee3cf9d7412c
      size: 16
  c2:
    cmd: python3 runs/nuclear-safety/transforms/c2.py
    deps:
    - path: data/energy/death_rates_per_twh.csv
      hash: md5
      md5: 0d7cc1edec8b3ec3b1b05b6abbf7974a
      size: 214
    - path: runs/nuclear-safety/transforms/c2.py
      hash: md5
      md5: 866ce336eb7347419c6e4e3ffaae1965
      size: 540
    outs:
    - path: runs/nuclear-safety/metrics/c2.json
      hash: md5
      md5: 610a2c4edb2c293910deb1e3964d9a79
      size: 17
  c3:
    cmd: python3 runs/nuclear-safety/transforms/c3.py
    deps:
    - path: data/energy/death_rates_per_twh.csv
      hash: md5
      md5: 0d7cc1edec8b3ec3b1b05b6abbf7974a
      size: 214
    - path: runs/nuclear-safety/transforms/c3.py
      hash: md5
      md5: 5635f495f943732b55eadc48cf2eff8d
      size: 739
    outs:
    - path: runs/nuclear-safety/metrics/c3.json
      hash: md5
      md5: 09387bef40edbafd6930a64709a67c1f
      size: 15
  c4:
    cmd: python3 runs/nuclear-safety/transforms/c4.py
    deps:
    - path: data/energy/death_rates_per_twh.csv
      hash: md5
      md5: 0d7cc1edec8b3ec3b1b05b6abbf7974a
      size: 214
    - path: runs/nuclear-safety/transforms/c4.py
      hash: md5
      md5: d90ba94a784f6e1ee2eb0ff48f23699c
      size: 540
    outs:
    - path: runs/nuclear-safety/metrics/c4.json
      hash: md5
      md5: d0f49c8fb8004fb5c12f5d0ebe2e46cb
      size: 17
  c5:
    cmd: python3 runs/nuclear-safety/transforms/c5.py
    deps:
    - path: data/energy/death_rates_per_twh.csv
      hash: md5
      md5: 0d7cc1edec8b3ec3b1b05b6abbf7974a
      size: 214
    - path: runs/nuclear-safety/transforms/c5.py
      hash: md5
      md5: af9a1f9a546cd722cfe780d314787137
      size: 543
    outs:
    - path: runs/nuclear-safety/metrics/c5.json
      hash: md5
      md5: 3fcb9919aa5b99f4f08e8790bb50a00d
      size: 17
